// !$*UTF8*$!
{
	archiveVersion = 1;
	classes = {
	};
	objectVersion = 46;
	objects = {

/* Begin PBXBuildFile section */
		941CAD75F229AFCE77AB2733 /* Pods_DragosChat.framework in Frameworks */ = {isa = PBXBuildFile; fileRef = 953B1C6E7BF39865DAC12487 /* Pods_DragosChat.framework */; };
		DF2AA41E1DFB56F900D0ED42 /* SelecteazaUserViewController.swift in Sources */ = {isa = PBXBuildFile; fileRef = DF2AA41D1DFB56F900D0ED42 /* SelecteazaUserViewController.swift */; };
		DF5CEA001DE06A6C007ECE64 /* DragoseliViewController.swift in Sources */ = {isa = PBXBuildFile; fileRef = DF5CE9FF1DE06A6C007ECE64 /* DragoseliViewController.swift */; };
		DF5CEA021DE1F571007ECE64 /* PozaViewController.swift in Sources */ = {isa = PBXBuildFile; fileRef = DF5CEA011DE1F571007ECE64 /* PozaViewController.swift */; };
		DF6985E71E05B08B00F26376 /* VizionareDragoseliViewController.swift in Sources */ = {isa = PBXBuildFile; fileRef = DF6985E61E05B08B00F26376 /* VizionareDragoseliViewController.swift */; };
		DF6B1F8C1DFF26FB008A6A79 /* Utilizator.swift in Sources */ = {isa = PBXBuildFile; fileRef = DF6B1F8B1DFF26FB008A6A79 /* Utilizator.swift */; };
		DF6B1F901DFF4041008A6A79 /* Dragosel.swift in Sources */ = {isa = PBXBuildFile; fileRef = DF6B1F8F1DFF4041008A6A79 /* Dragosel.swift */; };
		DF9C1E7B1DCFB1A300A5FA51 /* AppDelegate.swift in Sources */ = {isa = PBXBuildFile; fileRef = DF9C1E7A1DCFB1A300A5FA51 /* AppDelegate.swift */; };
		DF9C1E7D1DCFB1A300A5FA51 /* SignInViewController.swift in Sources */ = {isa = PBXBuildFile; fileRef = DF9C1E7C1DCFB1A300A5FA51 /* SignInViewController.swift */; };
		DF9C1E801DCFB1A300A5FA51 /* Main.storyboard in Resources */ = {isa = PBXBuildFile; fileRef = DF9C1E7E1DCFB1A300A5FA51 /* Main.storyboard */; };
		DF9C1E821DCFB1A300A5FA51 /* Assets.xcassets in Resources */ = {isa = PBXBuildFile; fileRef = DF9C1E811DCFB1A300A5FA51 /* Assets.xcassets */; };
		DF9C1E851DCFB1A300A5FA51 /* LaunchScreen.storyboard in Resources */ = {isa = PBXBuildFile; fileRef = DF9C1E831DCFB1A300A5FA51 /* LaunchScreen.storyboard */; };
		DF9C1E8D1DCFB31400A5FA51 /* GoogleService-Info.plist in Resources */ = {isa = PBXBuildFile; fileRef = DF9C1E8C1DCFB31400A5FA51 /* GoogleService-Info.plist */; };
/* End PBXBuildFile section */

/* Begin PBXFileReference section */
		78E851329CBF6E1B08867CC9 /* Pods-DragosChat.debug.xcconfig */ = {isa = PBXFileReference; includeInIndex = 1; lastKnownFileType = text.xcconfig; name = "Pods-DragosChat.debug.xcconfig"; path = "Pods/Target Support Files/Pods-DragosChat/Pods-DragosChat.debug.xcconfig"; sourceTree = "<group>"; };
		953B1C6E7BF39865DAC12487 /* Pods_DragosChat.framework */ = {isa = PBXFileReference; explicitFileType = wrapper.framework; includeInIndex = 0; path = Pods_DragosChat.framework; sourceTree = BUILT_PRODUCTS_DIR; };
		DF2AA41D1DFB56F900D0ED42 /* SelecteazaUserViewController.swift */ = {isa = PBXFileReference; fileEncoding = 4; lastKnownFileType = sourcecode.swift; path = SelecteazaUserViewController.swift; sourceTree = "<group>"; };
		DF5CE9FE1DE06897007ECE64 /* DragosChat.entitlements */ = {isa = PBXFileReference; lastKnownFileType = text.plist.entitlements; path = DragosChat.entitlements; sourceTree = "<group>"; };
		DF5CE9FF1DE06A6C007ECE64 /* DragoseliViewController.swift */ = {isa = PBXFileReference; fileEncoding = 4; lastKnownFileType = sourcecode.swift; path = DragoseliViewController.swift; sourceTree = "<group>"; };
		DF5CEA011DE1F571007ECE64 /* PozaViewController.swift */ = {isa = PBXFileReference; fileEncoding = 4; lastKnownFileType = sourcecode.swift; path = PozaViewController.swift; sourceTree = "<group>"; };
		DF6985E61E05B08B00F26376 /* VizionareDragoseliViewController.swift */ = {isa = PBXFileReference; fileEncoding = 4; lastKnownFileType = sourcecode.swift; path = VizionareDragoseliViewController.swift; sourceTree = "<group>"; };
		DF6B1F8B1DFF26FB008A6A79 /* Utilizator.swift */ = {isa = PBXFileReference; fileEncoding = 4; lastKnownFileType = sourcecode.swift; path = Utilizator.swift; sourceTree = "<group>"; };
		DF6B1F8F1DFF4041008A6A79 /* Dragosel.swift */ = {isa = PBXFileReference; fileEncoding = 4; lastKnownFileType = sourcecode.swift; path = Dragosel.swift; sourceTree = "<group>"; };
		DF9C1E771DCFB1A300A5FA51 /* DragosChat.app */ = {isa = PBXFileReference; explicitFileType = wrapper.application; includeInIndex = 0; path = DragosChat.app; sourceTree = BUILT_PRODUCTS_DIR; };
		DF9C1E7A1DCFB1A300A5FA51 /* AppDelegate.swift */ = {isa = PBXFileReference; lastKnownFileType = sourcecode.swift; path = AppDelegate.swift; sourceTree = "<group>"; };
		DF9C1E7C1DCFB1A300A5FA51 /* SignInViewController.swift */ = {isa = PBXFileReference; lastKnownFileType = sourcecode.swift; path = SignInViewController.swift; sourceTree = "<group>"; };
		DF9C1E7F1DCFB1A300A5FA51 /* Base */ = {isa = PBXFileReference; lastKnownFileType = file.storyboard; name = Base; path = Base.lproj/Main.storyboard; sourceTree = "<group>"; };
		DF9C1E811DCFB1A300A5FA51 /* Assets.xcassets */ = {isa = PBXFileReference; lastKnownFileType = folder.assetcatalog; path = Assets.xcassets; sourceTree = "<group>"; };
		DF9C1E841DCFB1A300A5FA51 /* Base */ = {isa = PBXFileReference; lastKnownFileType = file.storyboard; name = Base; path = Base.lproj/LaunchScreen.storyboard; sourceTree = "<group>"; };
		DF9C1E861DCFB1A300A5FA51 /* Info.plist */ = {isa = PBXFileReference; lastKnownFileType = text.plist.xml; path = Info.plist; sourceTree = "<group>"; };
		DF9C1E8C1DCFB31400A5FA51 /* GoogleService-Info.plist */ = {isa = PBXFileReference; fileEncoding = 4; lastKnownFileType = text.plist.xml; path = "GoogleService-Info.plist"; sourceTree = "<group>"; };
		E339C08079245CDF0B48BCC3 /* Pods-DragosChat.release.xcconfig */ = {isa = PBXFileReference; includeInIndex = 1; lastKnownFileType = text.xcconfig; name = "Pods-DragosChat.release.xcconfig"; path = "Pods/Target Support Files/Pods-DragosChat/Pods-DragosChat.release.xcconfig"; sourceTree = "<group>"; };
/* End PBXFileReference section */

/* Begin PBXFrameworksBuildPhase section */
		DF9C1E741DCFB1A300A5FA51 /* Frameworks */ = {
			isa = PBXFrameworksBuildPhase;
			buildActionMask = 2147483647;
			files = (
				941CAD75F229AFCE77AB2733 /* Pods_DragosChat.framework in Frameworks */,
			);
			runOnlyForDeploymentPostprocessing = 0;
		};
/* End PBXFrameworksBuildPhase section */

/* Begin PBXGroup section */
		2BC51610EB59A85CF587286A /* Pods */ = {
			isa = PBXGroup;
			children = (
				78E851329CBF6E1B08867CC9 /* Pods-DragosChat.debug.xcconfig */,
				E339C08079245CDF0B48BCC3 /* Pods-DragosChat.release.xcconfig */,
			);
			name = Pods;
			sourceTree = "<group>";
		};
		A589E0699B4E272C1599AA6B /* Frameworks */ = {
			isa = PBXGroup;
			children = (
				953B1C6E7BF39865DAC12487 /* Pods_DragosChat.framework */,
			);
			name = Frameworks;
			sourceTree = "<group>";
		};
		DF6B1F8D1DFF2701008A6A79 /* ViewController */ = {
			isa = PBXGroup;
			children = (
				DF9C1E7C1DCFB1A300A5FA51 /* SignInViewController.swift */,
				DF5CE9FF1DE06A6C007ECE64 /* DragoseliViewController.swift */,
				DF5CEA011DE1F571007ECE64 /* PozaViewController.swift */,
				DF2AA41D1DFB56F900D0ED42 /* SelecteazaUserViewController.swift */,
				DF6985E61E05B08B00F26376 /* VizionareDragoseliViewController.swift */,
			);
			name = ViewController;
			sourceTree = "<group>";
		};
		DF6B1F8E1DFF2723008A6A79 /* Models */ = {
			isa = PBXGroup;
			children = (
				DF6B1F8B1DFF26FB008A6A79 /* Utilizator.swift */,
				DF6B1F8F1DFF4041008A6A79 /* Dragosel.swift */,
			);
			name = Models;
			sourceTree = "<group>";
		};
		DF9C1E6E1DCFB1A300A5FA51 = {
			isa = PBXGroup;
			children = (
				DF9C1E791DCFB1A300A5FA51 /* DragosChat */,
				DF9C1E781DCFB1A300A5FA51 /* Products */,
				2BC51610EB59A85CF587286A /* Pods */,
				A589E0699B4E272C1599AA6B /* Frameworks */,
			);
			sourceTree = "<group>";
		};
		DF9C1E781DCFB1A300A5FA51 /* Products */ = {
			isa = PBXGroup;
			children = (
				DF9C1E771DCFB1A300A5FA51 /* DragosChat.app */,
			);
			name = Products;
			sourceTree = "<group>";
		};
		DF9C1E791DCFB1A300A5FA51 /* DragosChat */ = {
			isa = PBXGroup;
			children = (
				DF6B1F8D1DFF2701008A6A79 /* ViewController */,
				DF6B1F8E1DFF2723008A6A79 /* Models */,
				DF9C1E7E1DCFB1A300A5FA51 /* Main.storyboard */,
				DF5CE9FE1DE06897007ECE64 /* DragosChat.entitlements */,
				DF9C1E7A1DCFB1A300A5FA51 /* AppDelegate.swift */,
				DF9C1E811DCFB1A300A5FA51 /* Assets.xcassets */,
				DF9C1E831DCFB1A300A5FA51 /* LaunchScreen.storyboard */,
				DF9C1E861DCFB1A300A5FA51 /* Info.plist */,
				DF9C1E8C1DCFB31400A5FA51 /* GoogleService-Info.plist */,
			);
			path = DragosChat;
			sourceTree = "<group>";
		};
/* End PBXGroup section */

/* Begin PBXNativeTarget section */
		DF9C1E761DCFB1A300A5FA51 /* DragosChat */ = {
			isa = PBXNativeTarget;
			buildConfigurationList = DF9C1E891DCFB1A300A5FA51 /* Build configuration list for PBXNativeTarget "DragosChat" */;
			buildPhases = (
				79D76DB4506BC1FED8EB2ED0 /* [CP] Check Pods Manifest.lock */,
				DF9C1E731DCFB1A300A5FA51 /* Sources */,
				DF9C1E741DCFB1A300A5FA51 /* Frameworks */,
				DF9C1E751DCFB1A300A5FA51 /* Resources */,
				6700A8CF94AEA3A28C2BE8A3 /* [CP] Embed Pods Frameworks */,
				321A58B33A94E10553214431 /* [CP] Copy Pods Resources */,
			);
			buildRules = (
			);
			dependencies = (
			);
			name = DragosChat;
			productName = DragosChat;
			productReference = DF9C1E771DCFB1A300A5FA51 /* DragosChat.app */;
			productType = "com.apple.product-type.application";
		};
/* End PBXNativeTarget section */

/* Begin PBXProject section */
		DF9C1E6F1DCFB1A300A5FA51 /* Project object */ = {
			isa = PBXProject;
			attributes = {
				LastSwiftUpdateCheck = 0810;
				LastUpgradeCheck = 0810;
				ORGANIZATIONNAME = "Dragos Florin";
				TargetAttributes = {
					DF9C1E761DCFB1A300A5FA51 = {
						CreatedOnToolsVersion = 8.1;
						DevelopmentTeam = 45A92XCUK6;
						ProvisioningStyle = Automatic;
						SystemCapabilities = {
							com.apple.Keychain = {
								enabled = 0;
							};
						};
					};
				};
			};
			buildConfigurationList = DF9C1E721DCFB1A300A5FA51 /* Build configuration list for PBXProject "DragosChat" */;
			compatibilityVersion = "Xcode 3.2";
			developmentRegion = English;
			hasScannedForEncodings = 0;
			knownRegions = (
				en,
				Base,
			);
			mainGroup = DF9C1E6E1DCFB1A300A5FA51;
			productRefGroup = DF9C1E781DCFB1A300A5FA51 /* Products */;
			projectDirPath = "";
			projectRoot = "";
			targets = (
				DF9C1E761DCFB1A300A5FA51 /* DragosChat */,
			);
		};
/* End PBXProject section */

/* Begin PBXResourcesBuildPhase section */
		DF9C1E751DCFB1A300A5FA51 /* Resources */ = {
			isa = PBXResourcesBuildPhase;
			buildActionMask = 2147483647;
			files = (
				DF9C1E851DCFB1A300A5FA51 /* LaunchScreen.storyboard in Resources */,
				DF9C1E821DCFB1A300A5FA51 /* Assets.xcassets in Resources */,
				DF9C1E801DCFB1A300A5FA51 /* Main.storyboard in Resources */,
				DF9C1E8D1DCFB31400A5FA51 /* GoogleService-Info.plist in Resources */,
			);
			runOnlyForDeploymentPostprocessing = 0;
		};
/* End PBXResourcesBuildPhase section */

/* Begin PBXShellScriptBuildPhase section */
		321A58B33A94E10553214431 /* [CP] Copy Pods Resources */ = {
			isa = PBXShellScriptBuildPhase;
			buildActionMask = 2147483647;
			files = (
			);
			inputPaths = (
			);
			name = "[CP] Copy Pods Resources";
			outputPaths = (
			);
			runOnlyForDeploymentPostprocessing = 0;
			shellPath = /bin/sh;
			shellScript = "\"${SRCROOT}/Pods/Target Support Files/Pods-DragosChat/Pods-DragosChat-resources.sh\"\n";
			showEnvVarsInLog = 0;
		};
		6700A8CF94AEA3A28C2BE8A3 /* [CP] Embed Pods Frameworks */ = {
			isa = PBXShellScriptBuildPhase;
			buildActionMask = 2147483647;
			files = (
			);
			inputPaths = (
			);
			name = "[CP] Embed Pods Frameworks";
			outputPaths = (
			);
			runOnlyForDeploymentPostprocessing = 0;
			shellPath = /bin/sh;
			shellScript = "\"${SRCROOT}/Pods/Target Support Files/Pods-DragosChat/Pods-DragosChat-frameworks.sh\"\n";
			showEnvVarsInLog = 0;
		};
		79D76DB4506BC1FED8EB2ED0 /* [CP] Check Pods Manifest.lock */ = {
			isa = PBXShellScriptBuildPhase;
			buildActionMask = 2147483647;
			files = (
			);
			inputPaths = (
			);
			name = "[CP] Check Pods Manifest.lock";
			outputPaths = (
			);
			runOnlyForDeploymentPostprocessing = 0;
			shellPath = /bin/sh;
			shellScript = "diff \"${PODS_ROOT}/../Podfile.lock\" \"${PODS_ROOT}/Manifest.lock\" > /dev/null\nif [ $? != 0 ] ; then\n    # print error to STDERR\n    echo \"error: The sandbox is not in sync with the Podfile.lock. Run 'pod install' or update your CocoaPods installation.\" >&2\n    exit 1\nfi\n";
			showEnvVarsInLog = 0;
		};
/* End PBXShellScriptBuildPhase section */

/* Begin PBXSourcesBuildPhase section */
		DF9C1E731DCFB1A300A5FA51 /* Sources */ = {
			isa = PBXSourcesBuildPhase;
			buildActionMask = 2147483647;
			files = (
				DF5CEA021DE1F571007ECE64 /* PozaViewController.swift in Sources */,
				DF6985E71E05B08B00F26376 /* VizionareDragoseliViewController.swift in Sources */,
				DF9C1E7D1DCFB1A300A5FA51 /* SignInViewController.swift in Sources */,
				DF2AA41E1DFB56F900D0ED42 /* SelecteazaUserViewController.swift in Sources */,
				DF9C1E7B1DCFB1A300A5FA51 /* AppDelegate.swift in Sources */,
				DF6B1F8C1DFF26FB008A6A79 /* Utilizator.swift in Sources */,
				DF5CEA001DE06A6C007ECE64 /* DragoseliViewController.swift in Sources */,
				DF6B1F901DFF4041008A6A79 /* Dragosel.swift in Sources */,
			);
			runOnlyForDeploymentPostprocessing = 0;
		};
/* End PBXSourcesBuildPhase section */

/* Begin PBXVariantGroup section */
		DF9C1E7E1DCFB1A300A5FA51 /* Main.storyboard */ = {
			isa = PBXVariantGroup;
			children = (
				DF9C1E7F1DCFB1A300A5FA51 /* Base */,
			);
			name = Main.storyboard;
			sourceTree = "<group>";
		};
		DF9C1E831DCFB1A300A5FA51 /* LaunchScreen.storyboard */ = {
			isa = PBXVariantGroup;
			children = (
				DF9C1E841DCFB1A300A5FA51 /* Base */,
			);
			name = LaunchScreen.storyboard;
			sourceTree = "<group>";
		};
/* End PBXVariantGroup section */

/* Begin XCBuildConfiguration section */
		DF9C1E871DCFB1A300A5FA51 /* Debug */ = {
			isa = XCBuildConfiguration;
			buildSettings = {
				ALWAYS_SEARCH_USER_PATHS = NO;
				CLANG_ANALYZER_NONNULL = YES;
				CLANG_CXX_LANGUAGE_STANDARD = "gnu++0x";
				CLANG_CXX_LIBRARY = "libc++";
				CLANG_ENABLE_MODULES = YES;
				CLANG_ENABLE_OBJC_ARC = YES;
				CLANG_WARN_BOOL_CONVERSION = YES;
				CLANG_WARN_CONSTANT_CONVERSION = YES;
				CLANG_WARN_DIRECT_OBJC_ISA_USAGE = YES_ERROR;
				CLANG_WARN_DOCUMENTATION_COMMENTS = YES;
				CLANG_WARN_EMPTY_BODY = YES;
				CLANG_WARN_ENUM_CONVERSION = YES;
				CLANG_WARN_INFINITE_RECURSION = YES;
				CLANG_WARN_INT_CONVERSION = YES;
				CLANG_WARN_OBJC_ROOT_CLASS = YES_ERROR;
				CLANG_WARN_SUSPICIOUS_MOVES = YES;
				CLANG_WARN_UNREACHABLE_CODE = YES;
				CLANG_WARN__DUPLICATE_METHOD_MATCH = YES;
				"CODE_SIGN_IDENTITY[sdk=iphoneos*]" = "iPhone Developer";
				COPY_PHASE_STRIP = NO;
				DEBUG_INFORMATION_FORMAT = dwarf;
				ENABLE_STRICT_OBJC_MSGSEND = YES;
				ENABLE_TESTABILITY = YES;
				GCC_C_LANGUAGE_STANDARD = gnu99;
				GCC_DYNAMIC_NO_PIC = NO;
				GCC_NO_COMMON_BLOCKS = YES;
				GCC_OPTIMIZATION_LEVEL = 0;
				GCC_PREPROCESSOR_DEFINITIONS = (
					"DEBUG=1",
					"$(inherited)",
				);
				GCC_WARN_64_TO_32_BIT_CONVERSION = YES;
				GCC_WARN_ABOUT_RETURN_TYPE = YES_ERROR;
				GCC_WARN_UNDECLARED_SELECTOR = YES;
				GCC_WARN_UNINITIALIZED_AUTOS = YES_AGGRESSIVE;
				GCC_WARN_UNUSED_FUNCTION = YES;
				GCC_WARN_UNUSED_VARIABLE = YES;
				IPHONEOS_DEPLOYMENT_TARGET = 10.1;
				MTL_ENABLE_DEBUG_INFO = YES;
				ONLY_ACTIVE_ARCH = YES;
				SDKROOT = iphoneos;
				SWIFT_ACTIVE_COMPILATION_CONDITIONS = DEBUG;
				SWIFT_OPTIMIZATION_LEVEL = "-Onone";
				TARGETED_DEVICE_FAMILY = "1,2";
			};
			name = Debug;
		};
		DF9C1E881DCFB1A300A5FA51 /* Release */ = {
			isa = XCBuildConfiguration;
			buildSettings = {
				ALWAYS_SEARCH_USER_PATHS = NO;
				CLANG_ANALYZER_NONNULL = YES;
				CLANG_CXX_LANGUAGE_STANDARD = "gnu++0x";
				CLANG_CXX_LIBRARY = "libc++";
				CLANG_ENABLE_MODULES = YES;
				CLANG_ENABLE_OBJC_ARC = YES;
				CLANG_WARN_BOOL_CONVERSION = YES;
				CLANG_WARN_CONSTANT_CONVERSION = YES;
				CLANG_WARN_DIRECT_OBJC_ISA_USAGE = YES_ERROR;
				CLANG_WARN_DOCUMENTATION_COMMENTS = YES;
				CLANG_WARN_EMPTY_BODY = YES;
				CLANG_WARN_ENUM_CONVERSION = YES;
				CLANG_WARN_INFINITE_RECURSION = YES;
				CLANG_WARN_INT_CONVERSION = YES;
				CLANG_WARN_OBJC_ROOT_CLASS = YES_ERROR;
				CLANG_WARN_SUSPICIOUS_MOVES = YES;
				CLANG_WARN_UNREACHABLE_CODE = YES;
				CLANG_WARN__DUPLICATE_METHOD_MATCH = YES;
				"CODE_SIGN_IDENTITY[sdk=iphoneos*]" = "iPhone Developer";
				COPY_PHASE_STRIP = NO;
				DEBUG_INFORMATION_FORMAT = "dwarf-with-dsym";
				ENABLE_NS_ASSERTIONS = NO;
				ENABLE_STRICT_OBJC_MSGSEND = YES;
				GCC_C_LANGUAGE_STANDARD = gnu99;
				GCC_NO_COMMON_BLOCKS = YES;
				GCC_WARN_64_TO_32_BIT_CONVERSION = YES;
				GCC_WARN_ABOUT_RETURN_TYPE = YES_ERROR;
				GCC_WARN_UNDECLARED_SELECTOR = YES;
				GCC_WARN_UNINITIALIZED_AUTOS = YES_AGGRESSIVE;
				GCC_WARN_UNUSED_FUNCTION = YES;
				GCC_WARN_UNUSED_VARIABLE = YES;
				IPHONEOS_DEPLOYMENT_TARGET = 10.1;
				MTL_ENABLE_DEBUG_INFO = NO;
				SDKROOT = iphoneos;
				SWIFT_OPTIMIZATION_LEVEL = "-Owholemodule";
				TARGETED_DEVICE_FAMILY = "1,2";
				VALIDATE_PRODUCT = YES;
			};
			name = Release;
		};
		DF9C1E8A1DCFB1A300A5FA51 /* Debug */ = {
			isa = XCBuildConfiguration;
			baseConfigurationReference = 78E851329CBF6E1B08867CC9 /* Pods-DragosChat.debug.xcconfig */;
			buildSettings = {
				ASSETCATALOG_COMPILER_APPICON_NAME = AppIcon;
				DEVELOPMENT_TEAM = 45A92XCUK6;
				INFOPLIST_FILE = DragosChat/Info.plist;
				LD_RUNPATH_SEARCH_PATHS = "$(inherited) @executable_path/Frameworks";
				PRODUCT_BUNDLE_IDENTIFIER = "PDF-Solutions.DragosChat";
				PRODUCT_NAME = "$(TARGET_NAME)";
				SWIFT_VERSION = 3.0;
			};
			name = Debug;
		};
		DF9C1E8B1DCFB1A300A5FA51 /* Release */ = {
			isa = XCBuildConfiguration;
			baseConfigurationReference = E339C08079245CDF0B48BCC3 /* Pods-DragosChat.release.xcconfig */;
			buildSettings = {
				ASSETCATALOG_COMPILER_APPICON_NAME = AppIcon;
				DEVELOPMENT_TEAM = 45A92XCUK6;
				INFOPLIST_FILE = DragosChat/Info.plist;
				LD_RUNPATH_SEARCH_PATHS = "$(inherited) @executable_path/Frameworks";
				PRODUCT_BUNDLE_IDENTIFIER = "PDF-Solutions.DragosChat";
				PRODUCT_NAME = "$(TARGET_NAME)";
				SWIFT_VERSION = 3.0;
			};
			name = Release;
		};
/* End XCBuildConfiguration section */

/* Begin XCConfigurationList section */
		DF9C1E721DCFB1A300A5FA51 /* Build configuration list for PBXProject "DragosChat" */ = {
			isa = XCConfigurationList;
			buildConfigurations = (
				DF9C1E871DCFB1A300A5FA51 /* Debug */,
				DF9C1E881DCFB1A300A5FA51 /* Release */,
			);
			defaultConfigurationIsVisible = 0;
			defaultConfigurationName = Release;
		};
		DF9C1E891DCFB1A300A5FA51 /* Build configuration list for PBXNativeTarget "DragosChat" */ = {
			isa = XCConfigurationList;
			buildConfigurations = (
				DF9C1E8A1DCFB1A300A5FA51 /* Debug */,
				DF9C1E8B1DCFB1A300A5FA51 /* Release */,
			);
			defaultConfigurationIsVisible = 0;
			defaultConfigurationName = Release;
		};
/* End XCConfigurationList section */
	};
	rootObject = DF9C1E6F1DCFB1A300A5FA51 /* Project object */;
}
