// !$*UTF8*$!
{
	archiveVersion = 1;
	classes = {
	};
	objectVersion = 46;
	objects = {

/* Begin PBXBuildFile section */
		DF9C1E7B1DCFB1A300A5FA51 /* AppDelegate.swift in Sources */ = {isa = PBXBuildFile; fileRef = DF9C1E7A1DCFB1A300A5FA51 /* AppDelegate.swift */; };
		DF9C1E7D1DCFB1A300A5FA51 /* ViewController.swift in Sources */ = {isa = PBXBuildFile; fileRef = DF9C1E7C1DCFB1A300A5FA51 /* ViewController.swift */; };
		DF9C1E801DCFB1A300A5FA51 /* Main.storyboard in Resources */ = {isa = PBXBuildFile; fileRef = DF9C1E7E1DCFB1A300A5FA51 /* Main.storyboard */; };
		DF9C1E821DCFB1A300A5FA51 /* Assets.xcassets in Resources */ = {isa = PBXBuildFile; fileRef = DF9C1E811DCFB1A300A5FA51 /* Assets.xcassets */; };
		DF9C1E851DCFB1A300A5FA51 /* LaunchScreen.storyboard in Resources */ = {isa = PBXBuildFile; fileRef = DF9C1E831DCFB1A300A5FA51 /* LaunchScreen.storyboard */; };
/* End PBXBuildFile section */

/* Begin PBXFileReference section */
		DF9C1E771DCFB1A300A5FA51 /* DragosChat.app */ = {isa = PBXFileReference; explicitFileType = wrapper.application; includeInIndex = 0; path = DragosChat.app; sourceTree = BUILT_PRODUCTS_DIR; };
		DF9C1E7A1DCFB1A300A5FA51 /* AppDelegate.swift */ = {isa = PBXFileReference; lastKnownFileType = sourcecode.swift; path = AppDelegate.swift; sourceTree = "<group>"; };
		DF9C1E7C1DCFB1A300A5FA51 /* ViewController.swift */ = {isa = PBXFileReference; lastKnownFileType = sourcecode.swift; path = ViewController.swift; sourceTree = "<group>"; };
		DF9C1E7F1DCFB1A300A5FA51 /* Base */ = {isa = PBXFileReference; lastKnownFileType = file.storyboard; name = Base; path = Base.lproj/Main.storyboard; sourceTree = "<group>"; };
		DF9C1E811DCFB1A300A5FA51 /* Assets.xcassets */ = {isa = PBXFileReference; lastKnownFileType = folder.assetcatalog; path = Assets.xcassets; sourceTree = "<group>"; };
		DF9C1E841DCFB1A300A5FA51 /* Base */ = {isa = PBXFileReference; lastKnownFileType = file.storyboard; name = Base; path = Base.lproj/LaunchScreen.storyboard; sourceTree = "<group>"; };
		DF9C1E861DCFB1A300A5FA51 /* Info.plist */ = {isa = PBXFileReference; lastKnownFileType = text.plist.xml; path = Info.plist; sourceTree = "<group>"; };
/* End PBXFileReference section */

/* Begin PBXFrameworksBuildPhase section */
		DF9C1E741DCFB1A300A5FA51 /* Frameworks */ = {
			isa = PBXFrameworksBuildPhase;
			buildActionMask = 2147483647;
			files = (
			);
			runOnlyForDeploymentPostprocessing = 0;
		};
/* End PBXFrameworksBuildPhase section */

/* Begin PBXGroup section */
		DF9C1E6E1DCFB1A300A5FA51 = {
			isa = PBXGroup;
			children = (
				DF9C1E791DCFB1A300A5FA51 /* DragosChat */,
				DF9C1E781DCFB1A300A5FA51 /* Products */,
			);
			sourceTree = "<group>";
		};
		DF9C1E781DCFB1A300A5FA51 /* Products */ = {
			isa = PBXGroup;
			children = (
				DF9C1E771DCFB1A300A5FA51 /* DragosChat.app */,
			);
			name = Products;
			sourceTree = "<group>";
		};
		DF9C1E791DCFB1A300A5FA51 /* DragosChat */ = {
			isa = PBXGroup;
			children = (
				DF9C1E7A1DCFB1A300A5FA51 /* AppDelegate.swift */,
				DF9C1E7C1DCFB1A300A5FA51 /* ViewController.swift */,
				DF9C1E7E1DCFB1A300A5FA51 /* Main.storyboard */,
				DF9C1E811DCFB1A300A5FA51 /* Assets.xcassets */,
				DF9C1E831DCFB1A300A5FA51 /* LaunchScreen.storyboard */,
				DF9C1E861DCFB1A300A5FA51 /* Info.plist */,
			);
			path = DragosChat;
			sourceTree = "<group>";
		};
/* End PBXGroup section */

/* Begin PBXNativeTarget section */
		DF9C1E761DCFB1A300A5FA51 /* DragosChat */ = {
			isa = PBXNativeTarget;
			buildConfigurationList = DF9C1E891DCFB1A300A5FA51 /* Build configuration list for PBXNativeTarget "DragosChat" */;
			buildPhases = (
				DF9C1E731DCFB1A300A5FA51 /* Sources */,
				DF9C1E741DCFB1A300A5FA51 /* Frameworks */,
				DF9C1E751DCFB1A300A5FA51 /* Resources */,
			);
			buildRules = (
			);
			dependencies = (
			);
			name = DragosChat;
			productName = DragosChat;
			productReference = DF9C1E771DCFB1A300A5FA51 /* DragosChat.app */;
			productType = "com.apple.product-type.application";
		};
/* End PBXNativeTarget section */

/* Begin PBXProject section */
		DF9C1E6F1DCFB1A300A5FA51 /* Project object */ = {
			isa = PBXProject;
			attributes = {
				LastSwiftUpdateCheck = 0810;
				LastUpgradeCheck = 0810;
				ORGANIZATIONNAME = "Dragos Florin";
				TargetAttributes = {
					DF9C1E761DCFB1A300A5FA51 = {
						CreatedOnToolsVersion = 8.1;
						DevelopmentTeam = 45A92XCUK6;
						ProvisioningStyle = Automatic;
					};
				};
			};
			buildConfigurationList = DF9C1E721DCFB1A300A5FA51 /* Build configuration list for PBXProject "DragosChat" */;
			compatibilityVersion = "Xcode 3.2";
			developmentRegion = English;
			hasScannedForEncodings = 0;
			knownRegions = (
				en,
				Base,
			);
			mainGroup = DF9C1E6E1DCFB1A300A5FA51;
			productRefGroup = DF9C1E781DCFB1A300A5FA51 /* Products */;
			projectDirPath = "";
			projectRoot = "";
			targets = (
				DF9C1E761DCFB1A300A5FA51 /* DragosChat */,
			);
		};
/* End PBXProject section */

/* Begin PBXResourcesBuildPhase section */
		DF9C1E751DCFB1A300A5FA51 /* Resources */ = {
			isa = PBXResourcesBuildPhase;
			buildActionMask = 2147483647;
			files = (
				DF9C1E851DCFB1A300A5FA51 /* LaunchScreen.storyboard in Resources */,
				DF9C1E821DCFB1A300A5FA51 /* Assets.xcassets in Resources */,
				DF9C1E801DCFB1A300A5FA51 /* Main.storyboard in Resources */,
			);
			runOnlyForDeploymentPostprocessing = 0;
		};
/* End PBXResourcesBuildPhase section */

/* Begin PBXSourcesBuildPhase section */
		DF9C1E731DCFB1A300A5FA51 /* Sources */ = {
			isa = PBXSourcesBuildPhase;
			buildActionMask = 2147483647;
			files = (
				DF9C1E7D1DCFB1A300A5FA51 /* ViewController.swift in Sources */,
				DF9C1E7B1DCFB1A300A5FA51 /* AppDelegate.swift in Sources */,
			);
			runOnlyForDeploymentPostprocessing = 0;
		};
/* End PBXSourcesBuildPhase section */

/* Begin PBXVariantGroup section */
		DF9C1E7E1DCFB1A300A5FA51 /* Main.storyboard */ = {
			isa = PBXVariantGroup;
			children = (
				DF9C1E7F1DCFB1A300A5FA51 /* Base */,
			);
			name = Main.storyboard;
			sourceTree = "<group>";
		};
		DF9C1E831DCFB1A300A5FA51 /* LaunchScreen.storyboard */ = {
			isa = PBXVariantGroup;
			children = (
				DF9C1E841DCFB1A300A5FA51 /* Base */,
			);
			name = LaunchScreen.storyboard;
			sourceTree = "<group>";
		};
/* End PBXVariantGroup section */

/* Begin XCBuildConfiguration section */
		DF9C1E871DCFB1A300A5FA51 /* Debug */ = {
			isa = XCBuildConfiguration;
			buildSettings = {
				ALWAYS_SEARCH_USER_PATHS = NO;
				CLANG_ANALYZER_NONNULL = YES;
				CLANG_CXX_LANGUAGE_STANDARD = "gnu++0x";
				CLANG_CXX_LIBRARY = "libc++";
				CLANG_ENABLE_MODULES = YES;
				CLANG_ENABLE_OBJC_ARC = YES;
				CLANG_WARN_BOOL_CONVERSION = YES;
				CLANG_WARN_CONSTANT_CONVERSION = YES;
				CLANG_WARN_DIRECT_OBJC_ISA_USAGE = YES_ERROR;
				CLANG_WARN_DOCUMENTATION_COMMENTS = YES;
				CLANG_WARN_EMPTY_BODY = YES;
				CLANG_WARN_ENUM_CONVERSION = YES;
				CLANG_WARN_INFINITE_RECURSION = YES;
				CLANG_WARN_INT_CONVERSION = YES;
				CLANG_WARN_OBJC_ROOT_CLASS = YES_ERROR;
				CLANG_WARN_SUSPICIOUS_MOVES = YES;
				CLANG_WARN_UNREACHABLE_CODE = YES;
				CLANG_WARN__DUPLICATE_METHOD_MATCH = YES;
				"CODE_SIGN_IDENTITY[sdk=iphoneos*]" = "iPhone Developer";
				COPY_PHASE_STRIP = NO;
				DEBUG_INFORMATION_FORMAT = dwarf;
				ENABLE_STRICT_OBJC_MSGSEND = YES;
				ENABLE_TESTABILITY = YES;
				GCC_C_LANGUAGE_STANDARD = gnu99;
				GCC_DYNAMIC_NO_PIC = NO;
				GCC_NO_COMMON_BLOCKS = YES;
				GCC_OPTIMIZATION_LEVEL = 0;
				GCC_PREPROCESSOR_DEFINITIONS = (
					"DEBUG=1",
					"$(inherited)",
				);
				GCC_WARN_64_TO_32_BIT_CONVERSION = YES;
				GCC_WARN_ABOUT_RETURN_TYPE = YES_ERROR;
				GCC_WARN_UNDECLARED_SELECTOR = YES;
				GCC_WARN_UNINITIALIZED_AUTOS = YES_AGGRESSIVE;
				GCC_WARN_UNUSED_FUNCTION = YES;
				GCC_WARN_UNUSED_VARIABLE = YES;
				IPHONEOS_DEPLOYMENT_TARGET = 10.1;
				MTL_ENABLE_DEBUG_INFO = YES;
				ONLY_ACTIVE_ARCH = YES;
				SDKROOT = iphoneos;
				SWIFT_ACTIVE_COMPILATION_CONDITIONS = DEBUG;
				SWIFT_OPTIMIZATION_LEVEL = "-Onone";
				TARGETED_DEVICE_FAMILY = "1,2";
			};
			name = Debug;
		};
		DF9C1E881DCFB1A300A5FA51 /* Release */ = {
			isa = XCBuildConfiguration;
			buildSettings = {
				ALWAYS_SEARCH_USER_PATHS = NO;
				CLANG_ANALYZER_NONNULL = YES;
				CLANG_CXX_LANGUAGE_STANDARD = "gnu++0x";
				CLANG_CXX_LIBRARY = "libc++";
				CLANG_ENABLE_MODULES = YES;
				CLANG_ENABLE_OBJC_ARC = YES;
				CLANG_WARN_BOOL_CONVERSION = YES;
				CLANG_WARN_CONSTANT_CONVERSION = YES;
				CLANG_WARN_DIRECT_OBJC_ISA_USAGE = YES_ERROR;
				CLANG_WARN_DOCUMENTATION_COMMENTS = YES;
				CLANG_WARN_EMPTY_BODY = YES;
				CLANG_WARN_ENUM_CONVERSION = YES;
				CLANG_WARN_INFINITE_RECURSION = YES;
				CLANG_WARN_INT_CONVERSION = YES;
				CLANG_WARN_OBJC_ROOT_CLASS = YES_ERROR;
				CLANG_WARN_SUSPICIOUS_MOVES = YES;
				CLANG_WARN_UNREACHABLE_CODE = YES;
				CLANG_WARN__DUPLICATE_METHOD_MATCH = YES;
				"CODE_SIGN_IDENTITY[sdk=iphoneos*]" = "iPhone Developer";
				COPY_PHASE_STRIP = NO;
				DEBUG_INFORMATION_FORMAT = "dwarf-with-dsym";
				ENABLE_NS_ASSERTIONS = NO;
				ENABLE_STRICT_OBJC_MSGSEND = YES;
				GCC_C_LANGUAGE_STANDARD = gnu99;
				GCC_NO_COMMON_BLOCKS = YES;
				GCC_WARN_64_TO_32_BIT_CONVERSION = YES;
				GCC_WARN_ABOUT_RETURN_TYPE = YES_ERROR;
				GCC_WARN_UNDECLARED_SELECTOR = YES;
				GCC_WARN_UNINITIALIZED_AUTOS = YES_AGGRESSIVE;
				GCC_WARN_UNUSED_FUNCTION = YES;
				GCC_WARN_UNUSED_VARIABLE = YES;
				IPHONEOS_DEPLOYMENT_TARGET = 10.1;
				MTL_ENABLE_DEBUG_INFO = NO;
				SDKROOT = iphoneos;
				SWIFT_OPTIMIZATION_LEVEL = "-Owholemodule";
				TARGETED_DEVICE_FAMILY = "1,2";
				VALIDATE_PRODUCT = YES;
			};
			name = Release;
		};
		DF9C1E8A1DCFB1A300A5FA51 /* Debug */ = {
			isa = XCBuildConfiguration;
			buildSettings = {
				ASSETCATALOG_COMPILER_APPICON_NAME = AppIcon;
				DEVELOPMENT_TEAM = 45A92XCUK6;
				INFOPLIST_FILE = DragosChat/Info.plist;
				LD_RUNPATH_SEARCH_PATHS = "$(inherited) @executable_path/Frameworks";
				PRODUCT_BUNDLE_IDENTIFIER = "PDF-Solutions.DragosChat";
				PRODUCT_NAME = "$(TARGET_NAME)";
				SWIFT_VERSION = 3.0;
			};
			name = Debug;
		};
		DF9C1E8B1DCFB1A300A5FA51 /* Release */ = {
			isa = XCBuildConfiguration;
			buildSettings = {
				ASSETCATALOG_COMPILER_APPICON_NAME = AppIcon;
				DEVELOPMENT_TEAM = 45A92XCUK6;
				INFOPLIST_FILE = DragosChat/Info.plist;
				LD_RUNPATH_SEARCH_PATHS = "$(inherited) @executable_path/Frameworks";
				PRODUCT_BUNDLE_IDENTIFIER = "PDF-Solutions.DragosChat";
				PRODUCT_NAME = "$(TARGET_NAME)";
				SWIFT_VERSION = 3.0;
			};
			name = Release;
		};
/* End XCBuildConfiguration section */

/* Begin XCConfigurationList section */
		DF9C1E721DCFB1A300A5FA51 /* Build configuration list for PBXProject "DragosChat" */ = {
			isa = XCConfigurationList;
			buildConfigurations = (
				DF9C1E871DCFB1A300A5FA51 /* Debug */,
				DF9C1E881DCFB1A300A5FA51 /* Release */,
			);
			defaultConfigurationIsVisible = 0;
			defaultConfigurationName = Release;
		};
		DF9C1E891DCFB1A300A5FA51 /* Build configuration list for PBXNativeTarget "DragosChat" */ = {
			isa = XCConfigurationList;
			buildConfigurations = (
				DF9C1E8A1DCFB1A300A5FA51 /* Debug */,
				DF9C1E8B1DCFB1A300A5FA51 /* Release */,
			);
			defaultConfigurationIsVisible = 0;
		};
/* End XCConfigurationList section */
	};
	rootObject = DF9C1E6F1DCFB1A300A5FA51 /* Project object */;
}
